
Microsoft Visual Studio Solution File, Format Version 12.00
# Visual Studio Version 17
VisualStudioVersion = 17.8.34330.188
MinimumVisualStudioVersion = 10.0.40219.1
Project("{FAE04EC0-301F-11D3-BF4B-00C04F79EFBC}") = "AutoHit", "AutoHit.csproj", "{EA0A3E4D-CC43-4231-AF8D-452DD075BDBA}"
EndProject
Global
	GlobalSection(SolutionConfigurationPlatforms) = preSolution
		Debug|Any CPU = Debug|Any CPU
		Release|Any CPU = Release|Any CPU
	EndGlobalSection
	GlobalSection(ProjectConfigurationPlatforms) = postSolution
		{EA0A3E4D-CC43-4231-AF8D-452DD075BDBA}.Debug|Any CPU.ActiveCfg = Debug|Any CPU
		{EA0A3E4D-CC43-4231-AF8D-452DD075BDBA}.Debug|Any CPU.Build.0 = Debug|Any CPU
		{EA0A3E4D-CC43-4231-AF8D-452DD075BDBA}.Release|Any CPU.ActiveCfg = Release|Any CPU
		{EA0A3E4D-CC43-4231-AF8D-452DD075BDBA}.Release|Any CPU.Build.0 = Release|Any CPU
	EndGlobalSection
	GlobalSection(SolutionProperties) = preSolution
		HideSolutionNode = FALSE
	EndGlobalSection
	GlobalSection(ExtensibilityGlobals) = postSolution
		SolutionGuid = {6B95ABB1-C8FC-4AFF-860E-945D122B573F}
	EndGlobalSection
EndGlobal
